
Microsoft Visual Studio Solution File, Format Version 12.00
# Visual Studio 2013
VisualStudioVersion = 12.0.31101.0
MinimumVisualStudioVersion = 10.0.40219.1
Project("{FAE04EC0-301F-11D3-BF4B-00C04F79EFBC}") = "HvzAndroid", "HvzAndroid\HvzAndroid.csproj", "{3636932E-B528-403C-BD32-20871478B666}"
EndProject
Project("{D954291E-2A0B-460D-934E-DC6B0785DB48}") = "HvzShared", "HvzShared\HvzShared.shproj", "{20EF2995-2B43-477B-82A0-2C1EAD895F98}"
EndProject
Project("{FAE04EC0-301F-11D3-BF4B-00C04F79EFBC}") = "HvzApple", "HvzApple\HvzApple.csproj", "{202AF495-5B29-454D-A221-7342D101E786}"
EndProject
Global
	GlobalSection(SharedMSBuildProjectFiles) = preSolution
		HvzShared\HvzShared.projitems*{3636932e-b528-403c-bd32-20871478b666}*SharedItemsImports = 4
		HvzShared\HvzShared.projitems*{202af495-5b29-454d-a221-7342d101e786}*SharedItemsImports = 4
		HvzShared\HvzShared.projitems*{20ef2995-2b43-477b-82a0-2c1ead895f98}*SharedItemsImports = 13
	EndGlobalSection
	GlobalSection(SolutionConfigurationPlatforms) = preSolution
		Ad-Hoc|Any CPU = Ad-Hoc|Any CPU
		Ad-Hoc|iPhone = Ad-Hoc|iPhone
		Ad-Hoc|iPhoneSimulator = Ad-Hoc|iPhoneSimulator
		Ad-Hoc|Mixed Platforms = Ad-Hoc|Mixed Platforms
		AppStore|Any CPU = AppStore|Any CPU
		AppStore|iPhone = AppStore|iPhone
		AppStore|iPhoneSimulator = AppStore|iPhoneSimulator
		AppStore|Mixed Platforms = AppStore|Mixed Platforms
		Debug|Any CPU = Debug|Any CPU
		Debug|iPhone = Debug|iPhone
		Debug|iPhoneSimulator = Debug|iPhoneSimulator
		Debug|Mixed Platforms = Debug|Mixed Platforms
		Release|Any CPU = Release|Any CPU
		Release|iPhone = Release|iPhone
		Release|iPhoneSimulator = Release|iPhoneSimulator
		Release|Mixed Platforms = Release|Mixed Platforms
	EndGlobalSection
	GlobalSection(ProjectConfigurationPlatforms) = postSolution
		{3636932E-B528-403C-BD32-20871478B666}.Ad-Hoc|Any CPU.ActiveCfg = Release|Any CPU
		{3636932E-B528-403C-BD32-20871478B666}.Ad-Hoc|Any CPU.Build.0 = Release|Any CPU
		{3636932E-B528-403C-BD32-20871478B666}.Ad-Hoc|Any CPU.Deploy.0 = Release|Any CPU
		{3636932E-B528-403C-BD32-20871478B666}.Ad-Hoc|iPhone.ActiveCfg = Release|Any CPU
		{3636932E-B528-403C-BD32-20871478B666}.Ad-Hoc|iPhoneSimulator.ActiveCfg = Release|Any CPU
		{3636932E-B528-403C-BD32-20871478B666}.Ad-Hoc|Mixed Platforms.ActiveCfg = Release|Any CPU
		{3636932E-B528-403C-BD32-20871478B666}.Ad-Hoc|Mixed Platforms.Build.0 = Release|Any CPU
		{3636932E-B528-403C-BD32-20871478B666}.Ad-Hoc|Mixed Platforms.Deploy.0 = Release|Any CPU
		{3636932E-B528-403C-BD32-20871478B666}.AppStore|Any CPU.ActiveCfg = Release|Any CPU
		{3636932E-B528-403C-BD32-20871478B666}.AppStore|Any CPU.Build.0 = Release|Any CPU
		{3636932E-B528-403C-BD32-20871478B666}.AppStore|Any CPU.Deploy.0 = Release|Any CPU
		{3636932E-B528-403C-BD32-20871478B666}.AppStore|iPhone.ActiveCfg = Release|Any CPU
		{3636932E-B528-403C-BD32-20871478B666}.AppStore|iPhoneSimulator.ActiveCfg = Release|Any CPU
		{3636932E-B528-403C-BD32-20871478B666}.AppStore|Mixed Platforms.ActiveCfg = Release|Any CPU
		{3636932E-B528-403C-BD32-20871478B666}.AppStore|Mixed Platforms.Build.0 = Release|Any CPU
		{3636932E-B528-403C-BD32-20871478B666}.AppStore|Mixed Platforms.Deploy.0 = Release|Any CPU
		{3636932E-B528-403C-BD32-20871478B666}.Debug|Any CPU.ActiveCfg = Debug|Any CPU
		{3636932E-B528-403C-BD32-20871478B666}.Debug|Any CPU.Build.0 = Debug|Any CPU
		{3636932E-B528-403C-BD32-20871478B666}.Debug|Any CPU.Deploy.0 = Debug|Any CPU
		{3636932E-B528-403C-BD32-20871478B666}.Debug|iPhone.ActiveCfg = Debug|Any CPU
		{3636932E-B528-403C-BD32-20871478B666}.Debug|iPhoneSimulator.ActiveCfg = Debug|Any CPU
		{3636932E-B528-403C-BD32-20871478B666}.Debug|Mixed Platforms.ActiveCfg = Debug|Any CPU
		{3636932E-B528-403C-BD32-20871478B666}.Debug|Mixed Platforms.Build.0 = Debug|Any CPU
		{3636932E-B528-403C-BD32-20871478B666}.Debug|Mixed Platforms.Deploy.0 = Debug|Any CPU
		{3636932E-B528-403C-BD32-20871478B666}.Release|Any CPU.ActiveCfg = Release|Any CPU
		{3636932E-B528-403C-BD32-20871478B666}.Release|Any CPU.Build.0 = Release|Any CPU
		{3636932E-B528-403C-BD32-20871478B666}.Release|Any CPU.Deploy.0 = Release|Any CPU
		{3636932E-B528-403C-BD32-20871478B666}.Release|iPhone.ActiveCfg = Release|Any CPU
		{3636932E-B528-403C-BD32-20871478B666}.Release|iPhoneSimulator.ActiveCfg = Release|Any CPU
		{3636932E-B528-403C-BD32-20871478B666}.Release|Mixed Platforms.ActiveCfg = Release|Any CPU
		{3636932E-B528-403C-BD32-20871478B666}.Release|Mixed Platforms.Build.0 = Release|Any CPU
		{3636932E-B528-403C-BD32-20871478B666}.Release|Mixed Platforms.Deploy.0 = Release|Any CPU
		{202AF495-5B29-454D-A221-7342D101E786}.Ad-Hoc|Any CPU.ActiveCfg = Ad-Hoc|iPhone
		{202AF495-5B29-454D-A221-7342D101E786}.Ad-Hoc|iPhone.ActiveCfg = Ad-Hoc|iPhone
		{202AF495-5B29-454D-A221-7342D101E786}.Ad-Hoc|iPhone.Build.0 = Ad-Hoc|iPhone
		{202AF495-5B29-454D-A221-7342D101E786}.Ad-Hoc|iPhoneSimulator.ActiveCfg = Ad-Hoc|iPhoneSimulator
		{202AF495-5B29-454D-A221-7342D101E786}.Ad-Hoc|iPhoneSimulator.Build.0 = Ad-Hoc|iPhoneSimulator
		{202AF495-5B29-454D-A221-7342D101E786}.Ad-Hoc|Mixed Platforms.ActiveCfg = Ad-Hoc|iPhone
		{202AF495-5B29-454D-A221-7342D101E786}.Ad-Hoc|Mixed Platforms.Build.0 = Ad-Hoc|iPhone
		{202AF495-5B29-454D-A221-7342D101E786}.AppStore|Any CPU.ActiveCfg = AppStore|iPhone
		{202AF495-5B29-454D-A221-7342D101E786}.AppStore|iPhone.ActiveCfg = AppStore|iPhone
		{202AF495-5B29-454D-A221-7342D101E786}.AppStore|iPhone.Build.0 = AppStore|iPhone
		{202AF495-5B29-454D-A221-7342D101E786}.AppStore|iPhoneSimulator.ActiveCfg = AppStore|iPhoneSimulator
		{202AF495-5B29-454D-A221-7342D101E786}.AppStore|iPhoneSimulator.Build.0 = AppStore|iPhoneSimulator
		{202AF495-5B29-454D-A221-7342D101E786}.AppStore|Mixed Platforms.ActiveCfg = AppStore|iPhone
		{202AF495-5B29-454D-A221-7342D101E786}.AppStore|Mixed Platforms.Build.0 = AppStore|iPhone
		{202AF495-5B29-454D-A221-7342D101E786}.Debug|Any CPU.ActiveCfg = Debug|iPhone
		{202AF495-5B29-454D-A221-7342D101E786}.Debug|iPhone.ActiveCfg = Debug|iPhone
		{202AF495-5B29-454D-A221-7342D101E786}.Debug|iPhone.Build.0 = Debug|iPhone
		{202AF495-5B29-454D-A221-7342D101E786}.Debug|iPhoneSimulator.ActiveCfg = Debug|iPhoneSimulator
		{202AF495-5B29-454D-A221-7342D101E786}.Debug|iPhoneSimulator.Build.0 = Debug|iPhoneSimulator
		{202AF495-5B29-454D-A221-7342D101E786}.Debug|Mixed Platforms.ActiveCfg = Debug|iPhone
		{202AF495-5B29-454D-A221-7342D101E786}.Debug|Mixed Platforms.Build.0 = Debug|iPhone
		{202AF495-5B29-454D-A221-7342D101E786}.Release|Any CPU.ActiveCfg = Release|iPhone
		{202AF495-5B29-454D-A221-7342D101E786}.Release|iPhone.ActiveCfg = Release|iPhone
		{202AF495-5B29-454D-A221-7342D101E786}.Release|iPhone.Build.0 = Release|iPhone
		{202AF495-5B29-454D-A221-7342D101E786}.Release|iPhoneSimulator.ActiveCfg = Release|iPhoneSimulator
		{202AF495-5B29-454D-A221-7342D101E786}.Release|iPhoneSimulator.Build.0 = Release|iPhoneSimulator
		{202AF495-5B29-454D-A221-7342D101E786}.Release|Mixed Platforms.ActiveCfg = Release|iPhone
		{202AF495-5B29-454D-A221-7342D101E786}.Release|Mixed Platforms.Build.0 = Release|iPhone
	EndGlobalSection
	GlobalSection(SolutionProperties) = preSolution
		HideSolutionNode = FALSE
	EndGlobalSection
EndGlobal
